
Microsoft Visual Studio Solution File, Format Version 12.00
# Visual Studio Version 17
VisualStudioVersion = 17.1.32421.90
MinimumVisualStudioVersion = 10.0.40219.1
Project("{9A19103F-16F7-4668-BE54-9A1E7A4F7556}") = "square_new", "square_new\square_new.csproj", "{2ADF52DA-0275-4F55-BDDE-BB14FD7717D5}"
EndProject
Project("{9A19103F-16F7-4668-BE54-9A1E7A4F7556}") = "ConsoleApp1_Sq", "ConsoleApp1_Sq\ConsoleApp1_Sq.csproj", "{96853A42-64F7-495B-9163-14080286F06C}"
EndProject
Project("{2150E333-8FDC-42A3-9474-1A3956D46DE8}") = "ForHomePC", "ForHomePC", "{CF840CCA-2514-4E6B-86EF-C5C53B5E5C02}"
EndProject
Project("{9A19103F-16F7-4668-BE54-9A1E7A4F7556}") = "C:\Users\Admin\OneDrive\Project\t2\t2", "Applications\Visual Studio.app\C:\Users\Admin\OneDrive\Project\t2\t2.csproj", "{56FFD61E-8CD7-45C9-8E84-38BE81104511}"
EndProject
Project("{9A19103F-16F7-4668-BE54-9A1E7A4F7556}") = "C:\Users\Admin\OneDrive\Project\CalcSum\CalcSum", "Applications\Visual Studio.app\C:\Users\Admin\OneDrive\Project\CalcSum\CalcSum.csproj", "{8DC3A6C8-B7BF-4CF3-B156-9E5059FBDF18}"
EndProject
Project("{9A19103F-16F7-4668-BE54-9A1E7A4F7556}") = "C:\Users\Admin\OneDrive\Project\ConsoleApp1\ConsoleApp1", "Applications\Visual Studio.app\C:\Users\Admin\OneDrive\Project\ConsoleApp1\ConsoleApp1.csproj", "{142E7BC6-03AB-44EE-8161-C47E5DB219FC}"
EndProject
Project("{9A19103F-16F7-4668-BE54-9A1E7A4F7556}") = "C:\Users\Admin\OneDrive\Project\ConsoleApp1_sqn\ConsoleApp1_sqn", "Applications\Visual Studio.app\C:\Users\Admin\OneDrive\Project\ConsoleApp1_sqn\ConsoleApp1_sqn.csproj", "{1C5FAF83-C6FB-4E5A-82E4-7898971DF27D}"
EndProject
Project("{9A19103F-16F7-4668-BE54-9A1E7A4F7556}") = "C:\Users\Admin\OneDrive\Project\ConsoleApp2\ConsoleApp2", "Applications\Visual Studio.app\C:\Users\Admin\OneDrive\Project\ConsoleApp2\ConsoleApp2.csproj", "{2F8638F9-956C-462B-AAC1-2B5F117D9694}"
EndProject
Project("{9A19103F-16F7-4668-BE54-9A1E7A4F7556}") = "C:\Users\Admin\OneDrive\Project\Convert\Convert", "Applications\Visual Studio.app\C:\Users\Admin\OneDrive\Project\Convert\Convert.csproj", "{26DD4933-D54E-460D-AAFF-851B7FC97C0E}"
EndProject
Project("{9A19103F-16F7-4668-BE54-9A1E7A4F7556}") = "C:\Users\Admin\OneDrive\Project\ConvertMtoany\ConvertMtoany", "Applications\Visual Studio.app\C:\Users\Admin\OneDrive\Project\ConvertMtoany\ConvertMtoany.csproj", "{7A22B365-BE0C-4314-AFDF-F0E89C0A3B06}"
EndProject
Project("{9A19103F-16F7-4668-BE54-9A1E7A4F7556}") = "C:\Users\Admin\OneDrive\Project\Currency___\Currency___", "Applications\Visual Studio.app\C:\Users\Admin\OneDrive\Project\Currency___\Currency___.csproj", "{7AD8B004-DE75-475A-902F-07FB0BCFA2A2}"
EndProject
Project("{9A19103F-16F7-4668-BE54-9A1E7A4F7556}") = "C:\Users\Admin\OneDrive\Project\DataTadd\DataTadd", "Applications\Visual Studio.app\C:\Users\Admin\OneDrive\Project\DataTadd\DataTadd.csproj", "{F7A65367-37FB-408B-A7EC-77AD9F4D0918}"
EndProject
Project("{9A19103F-16F7-4668-BE54-9A1E7A4F7556}") = "C:\Users\Admin\OneDrive\Project\DifferenceHelloWorld\DifferenceHelloWorld", "Applications\Visual Studio.app\C:\Users\Admin\OneDrive\Project\DifferenceHelloWorld\DifferenceHelloWorld.csproj", "{8686BE7E-C872-4435-B3B0-3ACF69476B39}"
EndProject
Project("{9A19103F-16F7-4668-BE54-9A1E7A4F7556}") = "C:\Users\Admin\OneDrive\Project\HelloScharp\HelloScharp", "Applications\Visual Studio.app\C:\Users\Admin\OneDrive\Project\HelloScharp\HelloScharp.csproj", "{D8666B85-2920-40EA-BE37-B7D1819DB006}"
EndProject
Project("{9A19103F-16F7-4668-BE54-9A1E7A4F7556}") = "C:\Users\Admin\OneDrive\Project\HWr_array\HWr_array", "Applications\Visual Studio.app\C:\Users\Admin\OneDrive\Project\HWr_array\HWr_array.csproj", "{1B313D36-D258-4EA3-A279-9F342DEBBCE7}"
EndProject
Project("{9A19103F-16F7-4668-BE54-9A1E7A4F7556}") = "C:\Users\Admin\OneDrive\Project\newtest\newtest", "Applications\Visual Studio.app\C:\Users\Admin\OneDrive\Project\newtest\newtest.csproj", "{64FF85C1-2353-484C-8E82-CEF9E317054A}"
EndProject
Project("{9A19103F-16F7-4668-BE54-9A1E7A4F7556}") = "C:\Users\Admin\OneDrive\Project\Num1to20\Num1to20", "Applications\Visual Studio.app\C:\Users\Admin\OneDrive\Project\Num1to20\Num1to20.csproj", "{DA81B5F7-6503-4D06-9E31-D0761984F680}"
EndProject
Project("{9A19103F-16F7-4668-BE54-9A1E7A4F7556}") = "C:\Users\Admin\OneDrive\Project\Numfromonetonine\Numfromonetonine", "Applications\Visual Studio.app\C:\Users\Admin\OneDrive\Project\Numfromonetonine\Numfromonetonine.csproj", "{0C18FFDC-EDB4-4726-B8A5-9070889E2F12}"
EndProject
Project("{9A19103F-16F7-4668-BE54-9A1E7A4F7556}") = "C:\Users\Admin\OneDrive\Project\Pipes In Pool\Pipes In Pool", "Applications\Visual Studio.app\C:\Users\Admin\OneDrive\Project\Pipes In Pool\Pipes In Pool.csproj", "{C83577FE-EA01-4FA0-B4C8-7465DCD72114}"
EndProject
Project("{9A19103F-16F7-4668-BE54-9A1E7A4F7556}") = "C:\Users\Admin\OneDrive\Project\PointandRetange\PointandRetange", "Applications\Visual Studio.app\C:\Users\Admin\OneDrive\Project\PointandRetange\PointandRetange.csproj", "{23EC238A-CD54-4BE7-A425-EC96F6E00A6D}"
EndProject
Project("{9A19103F-16F7-4668-BE54-9A1E7A4F7556}") = "C:\Users\Admin\OneDrive\Project\simpletest\simpletest", "Applications\Visual Studio.app\C:\Users\Admin\OneDrive\Project\simpletest\simpletest.csproj", "{540B61DB-BA02-458C-ADB1-D39D1AEE6409}"
EndProject
Project("{9A19103F-16F7-4668-BE54-9A1E7A4F7556}") = "C:\Users\Admin\OneDrive\Project\square_n\square_n", "Applications\Visual Studio.app\C:\Users\Admin\OneDrive\Project\square_n\square_n.csproj", "{EC38D99A-5C26-46BA-8330-490991AE1D1A}"
EndProject
Project("{9A19103F-16F7-4668-BE54-9A1E7A4F7556}") = "C:\Users\Admin\OneDrive\Project\square_new\square_new", "Applications\Visual Studio.app\C:\Users\Admin\OneDrive\Project\square_new\square_new.csproj", "{DE9C6933-42B0-421A-9F34-87D6DA3C1F1E}"
EndProject
Project("{9A19103F-16F7-4668-BE54-9A1E7A4F7556}") = "C:\Users\Admin\OneDrive\Project\square_s\square_s", "Applications\Visual Studio.app\C:\Users\Admin\OneDrive\Project\square_s\square_s.csproj", "{D5DC6FF6-E313-4884-997E-5301E9311C4C}"
EndProject
Project("{9A19103F-16F7-4668-BE54-9A1E7A4F7556}") = "C:\Users\Admin\OneDrive\Project\SSCalc\calc\calc", "Applications\Visual Studio.app\C:\Users\Admin\OneDrive\Project\SSCalc\calc\calc.csproj", "{DC136B21-1961-47F4-872A-C16B9DC2CB4A}"
EndProject
Project("{9A19103F-16F7-4668-BE54-9A1E7A4F7556}") = "C:\Users\Admin\OneDrive\Project\SSCalc\ConsoleReadline_\ConsoleReadline_", "Applications\Visual Studio.app\C:\Users\Admin\OneDrive\Project\SSCalc\ConsoleReadline_\ConsoleReadline_.csproj", "{8A59E864-5A65-4696-BB41-6EFCEFD9337E}"
EndProject
Project("{9A19103F-16F7-4668-BE54-9A1E7A4F7556}") = "C:\Users\Admin\OneDrive\Project\SSCalc\Currency_COnvertor\Currency_COnvertor", "Applications\Visual Studio.app\C:\Users\Admin\OneDrive\Project\SSCalc\Currency_COnvertor\Currency_COnvertor.csproj", "{95DAA51E-7B77-49BE-97F1-B00B0ADAD99A}"
EndProject
Project("{FAE04EC0-301F-11D3-BF4B-00C04F79EFBC}") = "C:\Users\Admin\OneDrive\Project\SSCalc\CurrencyConvertor\CurrencyConvertor", "Applications\Visual Studio.app\C:\Users\Admin\OneDrive\Project\SSCalc\CurrencyConvertor\CurrencyConvertor.csproj", "{70118028-4E13-49B1-A10E-C55F36CFB198}"
EndProject
Project("{9A19103F-16F7-4668-BE54-9A1E7A4F7556}") = "C:\Users\Admin\OneDrive\Project\SSCalc\HelloWithRW\HelloWithRW", "Applications\Visual Studio.app\C:\Users\Admin\OneDrive\Project\SSCalc\HelloWithRW\HelloWithRW.csproj", "{810967B2-C210-4F52-9854-1A482EC92E69}"
EndProject
Project("{9A19103F-16F7-4668-BE54-9A1E7A4F7556}") = "C:\Users\Admin\OneDrive\Project\SSCalc\Inches2CM\Inches2CM", "Applications\Visual Studio.app\C:\Users\Admin\OneDrive\Project\SSCalc\Inches2CM\Inches2CM.csproj", "{79B725DF-22B1-4365-9DCA-E4E9A27FAB4C}"
EndProject
Project("{9A19103F-16F7-4668-BE54-9A1E7A4F7556}") = "C:\Users\Admin\OneDrive\Project\SSCalc\sum\sum", "Applications\Visual Studio.app\C:\Users\Admin\OneDrive\Project\SSCalc\sum\sum.csproj", "{715277CD-C36E-4BC2-8D45-6A8D99286A7E}"
EndProject
Project("{9A19103F-16F7-4668-BE54-9A1E7A4F7556}") = "C:\Users\Admin\OneDrive\Project\sumoneofarray\sumoneofarray", "Applications\Visual Studio.app\C:\Users\Admin\OneDrive\Project\sumoneofarray\sumoneofarray.csproj", "{9695B1BB-EF9D-4B7F-8157-CA4F854E922B}"
EndProject
Project("{9A19103F-16F7-4668-BE54-9A1E7A4F7556}") = "C:\Users\Admin\OneDrive\Project\teest\teest", "Applications\Visual Studio.app\C:\Users\Admin\OneDrive\Project\teest\teest.csproj", "{AE4D755A-88F7-4CEE-A4E0-2CF9F8C21CC7}"
EndProject
Project("{9A19103F-16F7-4668-BE54-9A1E7A4F7556}") = "C:\Users\Admin\OneDrive\Project\TriangleOf55Stars\TriangleOf55Stars", "Applications\Visual Studio.app\C:\Users\Admin\OneDrive\Project\TriangleOf55Stars\TriangleOf55Stars.csproj", "{2D3DFE05-9E0A-4557-B462-283CB73274AC}"
EndProject
Project("{2150E333-8FDC-42A3-9474-1A3956D46DE8}") = "Other", "Other", "{9207829F-7749-47E9-AFA8-BF8BA22FF1B3}"
EndProject
Project("{2150E333-8FDC-42A3-9474-1A3956D46DE8}") = "L1", "L1", "{BA3693C5-4C64-440D-9772-DAB3E0B15C9B}"
EndProject
Project("{9A19103F-16F7-4668-BE54-9A1E7A4F7556}") = "MyFirstApp", "MyFirstApp\MyFirstApp.csproj", "{BA724E7B-9B98-4AA7-AC48-E6F260A18B9F}"
EndProject
Project("{2150E333-8FDC-42A3-9474-1A3956D46DE8}") = "L2", "L2", "{4B074E2D-629B-43B8-B7D2-A138F4650990}"
EndProject
Project("{9A19103F-16F7-4668-BE54-9A1E7A4F7556}") = "L2", "L2\L2.csproj", "{04AE1829-660A-4121-A171-476BCAC560E3}"
EndProject
Project("{2150E333-8FDC-42A3-9474-1A3956D46DE8}") = "L3", "L3", "{128D44B9-32D2-41B2-9B5A-C1E555E40BAF}"
EndProject
Project("{9A19103F-16F7-4668-BE54-9A1E7A4F7556}") = "L3", "L3\L3.csproj", "{82E420A8-C520-4454-B9E6-1DAD2A0D719D}"
EndProject
Project("{9A19103F-16F7-4668-BE54-9A1E7A4F7556}") = "L3NLAB", "L3NLAB\L3NLAB.csproj", "{87905EBF-1660-4B64-A672-90ECDEB4F515}"
EndProject
Project("{9A19103F-16F7-4668-BE54-9A1E7A4F7556}") = "DictTest", "DictTest\DictTest.csproj", "{3A5968AA-5DCB-412A-885F-57BD4FCCA818}"
EndProject
Project("{9A19103F-16F7-4668-BE54-9A1E7A4F7556}") = "L34", "L34\L34.csproj", "{797A79DC-1719-4110-9660-ED8221C125AF}"
EndProject
Project("{9A19103F-16F7-4668-BE54-9A1E7A4F7556}") = "l42", "l42\l42.csproj", "{8B8EB938-80E6-43F7-82AC-98BEDA03C4A6}"
EndProject
Project("{9A19103F-16F7-4668-BE54-9A1E7A4F7556}") = "L5", "L5\L5.csproj", "{DF11027E-B954-4F4F-96CD-D23A22A5474C}"
EndProject
Project("{9A19103F-16F7-4668-BE54-9A1E7A4F7556}") = "l51", "l51\l51.csproj", "{E9C713E2-849B-44C7-A9B2-0B30D1086E37}"
EndProject
Project("{9A19103F-16F7-4668-BE54-9A1E7A4F7556}") = "while_loop", "while_loop\while_loop.csproj", "{0D62C746-21CF-44B9-ACF9-70D636B60F71}"
EndProject
Project("{9A19103F-16F7-4668-BE54-9A1E7A4F7556}") = "Graduation", "Graduation\Graduation.csproj", "{4296FF58-22E9-416F-9725-CE7045FD1BE3}"
EndProject
Project("{9A19103F-16F7-4668-BE54-9A1E7A4F7556}") = "While_loop_From_P03", "While_loop_From_P03\While_loop_From_P03.csproj", "{91F1EC52-26BC-49B5-A974-71F0FDC6D9D3}"
EndProject
Project("{9A19103F-16F7-4668-BE54-9A1E7A4F7556}") = "ExercLoops", "ExercLoops\ExercLoops.csproj", "{49DC6B09-3A0E-49B2-BBE6-9482E15B1A22}"
EndProject
Project("{9A19103F-16F7-4668-BE54-9A1E7A4F7556}") = "DrawMenuFromList", "DrawMenuFromList\DrawMenuFromList.csproj", "{DBD9B2AE-80E1-421E-83E0-CC01E52F561D}"
EndProject
Project("{9A19103F-16F7-4668-BE54-9A1E7A4F7556}") = "DrawCoins_result", "DrawCoins_result\DrawCoins_result.csproj", "{E4F05BDF-BD94-429D-9F71-F26AAEEC32D8}"
EndProject
Project("{9A19103F-16F7-4668-BE54-9A1E7A4F7556}") = "Mitem", "Mitem\Mitem.csproj", "{78620570-79C4-4D17-BCCB-98A3E5FBE9C4}"
EndProject
Project("{2150E333-8FDC-42A3-9474-1A3956D46DE8}") = "FromWorkPC", "FromWorkPC", "{1519BB6E-DCFB-4AF1-ADB9-8FC2F3C33548}"
EndProject
Project("{9A19103F-16F7-4668-BE54-9A1E7A4F7556}") = "adddays", "..\FromWork\adddays\adddays.csproj", "{2B4448CD-F491-4A97-8721-5A665C720D0A}"
EndProject
Project("{9A19103F-16F7-4668-BE54-9A1E7A4F7556}") = "AreaH2", "..\FromWork\AreaH2\AreaH2.csproj", "{9CD38AA4-0727-4906-A723-4891A9956D4F}"
EndProject
Project("{9A19103F-16F7-4668-BE54-9A1E7A4F7556}") = "Nconsole", "Nconsole\Nconsole.csproj", "{1930F49F-108C-421F-BB04-D22E49D8A47A}"
EndProject
Project("{9A19103F-16F7-4668-BE54-9A1E7A4F7556}") = "Loops_MB", "Loops_MB\Loops_MB.csproj", "{731C683E-319E-4AE8-BC28-6CB0786338DC}"
EndProject
Project("{9A19103F-16F7-4668-BE54-9A1E7A4F7556}") = "power of2", "power of2\power of2.csproj", "{85AB8255-0738-4139-9198-8A5C57190624}"
EndProject
Project("{9A19103F-16F7-4668-BE54-9A1E7A4F7556}") = "test2", "test2\test2.csproj", "{8A276B7B-CA0A-406E-9940-6D7FC3F5372F}"
EndProject
Project("{9A19103F-16F7-4668-BE54-9A1E7A4F7556}") = "notFinishTasks", "notFinishTasks\notFinishTasks.csproj", "{54915787-1BD7-4F04-A4F3-4BFA37297862}"
EndProject
Project("{9A19103F-16F7-4668-BE54-9A1E7A4F7556}") = "NastedLoops", "NastedLoops\NastedLoops.csproj", "{9E5BA65F-42D5-400D-8DDD-168E77AD14B0}"
EndProject
Project("{9A19103F-16F7-4668-BE54-9A1E7A4F7556}") = "NestetLoops_Exerc", "NestetLoops_Exerc\NestetLoops_Exerc.csproj", "{AC6BFE01-D382-4793-AC66-CB40B0FE6B41}"
EndProject
Project("{9A19103F-16F7-4668-BE54-9A1E7A4F7556}") = "MBWhile", "MBWhile\MBWhile.csproj", "{EA24CB93-EE64-4759-8BFE-92988D4D1323}"
EndProject
Project("{9A19103F-16F7-4668-BE54-9A1E7A4F7556}") = "MBForLoop", "MBForLoop\MBForLoop.csproj", "{2BE18D7C-89AD-48FD-BA8E-F90187D90287}"
EndProject
Project("{9A19103F-16F7-4668-BE54-9A1E7A4F7556}") = "MB_LOOP", "MB_LOOP\MB_LOOP.csproj", "{39C5436A-8F5A-4597-AFF2-5BDE6A2166AD}"
EndProject
Project("{9A19103F-16F7-4668-BE54-9A1E7A4F7556}") = "PBOE2020", "PBOE2020\PBOE2020.csproj", "{7FA50D4B-9033-4551-A902-48EEBBCFBC09}"
EndProject
Project("{9A19103F-16F7-4668-BE54-9A1E7A4F7556}") = "PBOE2020v1", "PBOE2020v1\PBOE2020v1.csproj", "{ED27178F-24E5-4C9B-A098-394B94F76CE0}"
EndProject
Project("{2150E333-8FDC-42A3-9474-1A3956D46DE8}") = "Solution Items", "Solution Items", "{2E3CFBB3-73FC-4885-AA3B-FCDA096C9EC2}"
	ProjectSection(SolutionItems) = preProject
		..\c#\Project%27s\Solution1\Solution1.sln = ..\c#\Project%27s\Solution1\Solution1.sln
	EndProjectSection
EndProject
Project("{9A19103F-16F7-4668-BE54-9A1E7A4F7556}") = "PBOE9102019", "PBOE9102019\PBOE9102019.csproj", "{6E7A839A-DAA3-405B-AC2F-0C040FF36EF7}"
EndProject
Project("{9A19103F-16F7-4668-BE54-9A1E7A4F7556}") = "PBOE20212019", "PBOE20212019\PBOE20212019.csproj", "{3E5C5541-0695-4FCD-B978-A02A41CF3D56}"
EndProject
Project("{9A19103F-16F7-4668-BE54-9A1E7A4F7556}") = "PBOE232019", "PBOE232019\PBOE232019.csproj", "{E3AD7A1F-8FA1-4429-B006-9BD0CBC407F9}"
EndProject
Project("{9A19103F-16F7-4668-BE54-9A1E7A4F7556}") = "PBOE672019", "PBOE672019\PBOE672019.csproj", "{6E0A1309-32C7-4C3F-83C4-F4E6E7C194EB}"
EndProject
Project("{9A19103F-16F7-4668-BE54-9A1E7A4F7556}") = "PBOE67A2019", "PBOE67A2019\PBOE67A2019.csproj", "{AFFFE2CB-5338-480A-BD9E-0F3AC2E5650F}"
EndProject
Project("{9A19103F-16F7-4668-BE54-9A1E7A4F7556}") = "UnFinishTaskPBOE", "UnFinishTaskPBOE\UnFinishTaskPBOE.csproj", "{507917F8-8DA0-4823-AF59-57B7709A82DE}"
EndProject
Project("{9A19103F-16F7-4668-BE54-9A1E7A4F7556}") = "erere", "erere\erere.csproj", "{A94184AB-A050-4251-A0E9-071F1552DCC7}"
EndProject
Project("{9A19103F-16F7-4668-BE54-9A1E7A4F7556}") = "UnFinishTaskPBOE2", "UnFinishTaskPBOE2\UnFinishTaskPBOE2.csproj", "{7DE2CEEF-D3EA-40E5-832B-6678C1D1A925}"
EndProject
Project("{9A19103F-16F7-4668-BE54-9A1E7A4F7556}") = "SafePasswordsGenerator", "SafePasswordsGenerator\SafePasswordsGenerator.csproj", "{3885EEB3-24CB-434C-9A42-B9B50D8FC3FB}"
EndProject
Project("{9A19103F-16F7-4668-BE54-9A1E7A4F7556}") = "MyExamF", "MyExamF\MyExamF.csproj", "{6C30D88F-8A6E-485B-BE41-286FEA55FF57}"
EndProject
Project("{2150E333-8FDC-42A3-9474-1A3956D46DE8}") = "Programming Basics", "Programming Basics", "{B3C93161-7228-4DF4-8640-30BC30C31266}"
EndProject
Project("{2150E333-8FDC-42A3-9474-1A3956D46DE8}") = "Fundamentals", "Fundamentals", "{53057EFF-9E16-4BB6-8D50-D4EFB4C30BA8}"
EndProject
Project("{2150E333-8FDC-42A3-9474-1A3956D46DE8}") = "Other", "Other", "{2C16F0BD-BB23-4B6A-943F-FCD0A834A4B8}"
EndProject
Project("{9A19103F-16F7-4668-BE54-9A1E7A4F7556}") = "L1", "ConsoleApp3\L1.csproj", "{5F9CFC44-545D-4B61-999B-2F9BCD1A87D8}"
EndProject
Project("{9A19103F-16F7-4668-BE54-9A1E7A4F7556}") = "L2FUND", "L2FUND\L2FUND.csproj", "{200BEC19-6E32-49BC-A67F-B181F4B14121}"
EndProject
Project("{9A19103F-16F7-4668-BE54-9A1E7A4F7556}") = "fromMAC", "fromMAC\fromMAC.csproj", "{F428722E-DE37-48ED-962D-948CF46A6196}"
EndProject
Project("{2150E333-8FDC-42A3-9474-1A3956D46DE8}") = "MoreExerc", "MoreExerc", "{1AA52AEE-CA89-486C-A3B5-FF430119DFF1}"
EndProject
Project("{9A19103F-16F7-4668-BE54-9A1E7A4F7556}") = "MoreEX1", "MoreEX1\MoreEX1.csproj", "{CA017C0C-E902-4042-9A60-3485B030E158}"
EndProject
Project("{9A19103F-16F7-4668-BE54-9A1E7A4F7556}") = "MoreEX2", "MoreEX2\MoreEX2.csproj", "{CDD52D60-C496-4C0D-BD03-C64820F18D0B}"
EndProject
Project("{9A19103F-16F7-4668-BE54-9A1E7A4F7556}") = "MoreEX3", "MoreEX3\MoreEX3.csproj", "{99FBAF3C-798B-426E-B938-EB0ABC1D2130}"
EndProject
Project("{9A19103F-16F7-4668-BE54-9A1E7A4F7556}") = "MoreEX4", "MoreEX4\MoreEX4.csproj", "{19E04BA1-C7B5-470C-BE00-28220629C986}"
EndProject
Project("{9A19103F-16F7-4668-BE54-9A1E7A4F7556}") = "Methods_Lab", "Methods_Lab\Methods_Lab.csproj", "{972D3FAE-115E-426D-BDA6-6F82955E04CB}"
EndProject
Project("{9A19103F-16F7-4668-BE54-9A1E7A4F7556}") = "MoreEX5", "MoreEX5\MoreEX5.csproj", "{4F7E65FF-0BB2-4703-869F-13F34C84E2E9}"
EndProject
Project("{FAE04EC0-301F-11D3-BF4B-00C04F79EFBC}") = "ListTry", "ListTry\ListTry.csproj", "{7AB038B7-D1DD-4C22-916A-9CDD2EBBA6E4}"
EndProject
Global
	GlobalSection(SolutionConfigurationPlatforms) = preSolution
		Debug|Any CPU = Debug|Any CPU
		Release|Any CPU = Release|Any CPU
	EndGlobalSection
	GlobalSection(ProjectConfigurationPlatforms) = postSolution
		{2ADF52DA-0275-4F55-BDDE-BB14FD7717D5}.Debug|Any CPU.ActiveCfg = Debug|Any CPU
		{2ADF52DA-0275-4F55-BDDE-BB14FD7717D5}.Debug|Any CPU.Build.0 = Debug|Any CPU
		{2ADF52DA-0275-4F55-BDDE-BB14FD7717D5}.Release|Any CPU.ActiveCfg = Release|Any CPU
		{2ADF52DA-0275-4F55-BDDE-BB14FD7717D5}.Release|Any CPU.Build.0 = Release|Any CPU
		{96853A42-64F7-495B-9163-14080286F06C}.Debug|Any CPU.ActiveCfg = Debug|Any CPU
		{96853A42-64F7-495B-9163-14080286F06C}.Debug|Any CPU.Build.0 = Debug|Any CPU
		{96853A42-64F7-495B-9163-14080286F06C}.Release|Any CPU.ActiveCfg = Release|Any CPU
		{96853A42-64F7-495B-9163-14080286F06C}.Release|Any CPU.Build.0 = Release|Any CPU
		{56FFD61E-8CD7-45C9-8E84-38BE81104511}.Debug|Any CPU.ActiveCfg = Debug|Any CPU
		{56FFD61E-8CD7-45C9-8E84-38BE81104511}.Debug|Any CPU.Build.0 = Debug|Any CPU
		{56FFD61E-8CD7-45C9-8E84-38BE81104511}.Release|Any CPU.ActiveCfg = Release|Any CPU
		{56FFD61E-8CD7-45C9-8E84-38BE81104511}.Release|Any CPU.Build.0 = Release|Any CPU
		{8DC3A6C8-B7BF-4CF3-B156-9E5059FBDF18}.Debug|Any CPU.ActiveCfg = Debug|Any CPU
		{8DC3A6C8-B7BF-4CF3-B156-9E5059FBDF18}.Debug|Any CPU.Build.0 = Debug|Any CPU
		{8DC3A6C8-B7BF-4CF3-B156-9E5059FBDF18}.Release|Any CPU.ActiveCfg = Release|Any CPU
		{8DC3A6C8-B7BF-4CF3-B156-9E5059FBDF18}.Release|Any CPU.Build.0 = Release|Any CPU
		{142E7BC6-03AB-44EE-8161-C47E5DB219FC}.Debug|Any CPU.ActiveCfg = Debug|Any CPU
		{142E7BC6-03AB-44EE-8161-C47E5DB219FC}.Debug|Any CPU.Build.0 = Debug|Any CPU
		{142E7BC6-03AB-44EE-8161-C47E5DB219FC}.Release|Any CPU.ActiveCfg = Release|Any CPU
		{142E7BC6-03AB-44EE-8161-C47E5DB219FC}.Release|Any CPU.Build.0 = Release|Any CPU
		{1C5FAF83-C6FB-4E5A-82E4-7898971DF27D}.Debug|Any CPU.ActiveCfg = Debug|Any CPU
		{1C5FAF83-C6FB-4E5A-82E4-7898971DF27D}.Debug|Any CPU.Build.0 = Debug|Any CPU
		{1C5FAF83-C6FB-4E5A-82E4-7898971DF27D}.Release|Any CPU.ActiveCfg = Release|Any CPU
		{1C5FAF83-C6FB-4E5A-82E4-7898971DF27D}.Release|Any CPU.Build.0 = Release|Any CPU
		{2F8638F9-956C-462B-AAC1-2B5F117D9694}.Debug|Any CPU.ActiveCfg = Debug|Any CPU
		{2F8638F9-956C-462B-AAC1-2B5F117D9694}.Debug|Any CPU.Build.0 = Debug|Any CPU
		{2F8638F9-956C-462B-AAC1-2B5F117D9694}.Release|Any CPU.ActiveCfg = Release|Any CPU
		{2F8638F9-956C-462B-AAC1-2B5F117D9694}.Release|Any CPU.Build.0 = Release|Any CPU
		{26DD4933-D54E-460D-AAFF-851B7FC97C0E}.Debug|Any CPU.ActiveCfg = Debug|Any CPU
		{26DD4933-D54E-460D-AAFF-851B7FC97C0E}.Debug|Any CPU.Build.0 = Debug|Any CPU
		{26DD4933-D54E-460D-AAFF-851B7FC97C0E}.Release|Any CPU.ActiveCfg = Release|Any CPU
		{26DD4933-D54E-460D-AAFF-851B7FC97C0E}.Release|Any CPU.Build.0 = Release|Any CPU
		{7A22B365-BE0C-4314-AFDF-F0E89C0A3B06}.Debug|Any CPU.ActiveCfg = Debug|Any CPU
		{7A22B365-BE0C-4314-AFDF-F0E89C0A3B06}.Debug|Any CPU.Build.0 = Debug|Any CPU
		{7A22B365-BE0C-4314-AFDF-F0E89C0A3B06}.Release|Any CPU.ActiveCfg = Release|Any CPU
		{7A22B365-BE0C-4314-AFDF-F0E89C0A3B06}.Release|Any CPU.Build.0 = Release|Any CPU
		{7AD8B004-DE75-475A-902F-07FB0BCFA2A2}.Debug|Any CPU.ActiveCfg = Debug|Any CPU
		{7AD8B004-DE75-475A-902F-07FB0BCFA2A2}.Debug|Any CPU.Build.0 = Debug|Any CPU
		{7AD8B004-DE75-475A-902F-07FB0BCFA2A2}.Release|Any CPU.ActiveCfg = Release|Any CPU
		{7AD8B004-DE75-475A-902F-07FB0BCFA2A2}.Release|Any CPU.Build.0 = Release|Any CPU
		{F7A65367-37FB-408B-A7EC-77AD9F4D0918}.Debug|Any CPU.ActiveCfg = Debug|Any CPU
		{F7A65367-37FB-408B-A7EC-77AD9F4D0918}.Debug|Any CPU.Build.0 = Debug|Any CPU
		{F7A65367-37FB-408B-A7EC-77AD9F4D0918}.Release|Any CPU.ActiveCfg = Release|Any CPU
		{F7A65367-37FB-408B-A7EC-77AD9F4D0918}.Release|Any CPU.Build.0 = Release|Any CPU
		{8686BE7E-C872-4435-B3B0-3ACF69476B39}.Debug|Any CPU.ActiveCfg = Debug|Any CPU
		{8686BE7E-C872-4435-B3B0-3ACF69476B39}.Debug|Any CPU.Build.0 = Debug|Any CPU
		{8686BE7E-C872-4435-B3B0-3ACF69476B39}.Release|Any CPU.ActiveCfg = Release|Any CPU
		{8686BE7E-C872-4435-B3B0-3ACF69476B39}.Release|Any CPU.Build.0 = Release|Any CPU
		{D8666B85-2920-40EA-BE37-B7D1819DB006}.Debug|Any CPU.ActiveCfg = Debug|Any CPU
		{D8666B85-2920-40EA-BE37-B7D1819DB006}.Debug|Any CPU.Build.0 = Debug|Any CPU
		{D8666B85-2920-40EA-BE37-B7D1819DB006}.Release|Any CPU.ActiveCfg = Release|Any CPU
		{D8666B85-2920-40EA-BE37-B7D1819DB006}.Release|Any CPU.Build.0 = Release|Any CPU
		{1B313D36-D258-4EA3-A279-9F342DEBBCE7}.Debug|Any CPU.ActiveCfg = Debug|Any CPU
		{1B313D36-D258-4EA3-A279-9F342DEBBCE7}.Debug|Any CPU.Build.0 = Debug|Any CPU
		{1B313D36-D258-4EA3-A279-9F342DEBBCE7}.Release|Any CPU.ActiveCfg = Release|Any CPU
		{1B313D36-D258-4EA3-A279-9F342DEBBCE7}.Release|Any CPU.Build.0 = Release|Any CPU
		{64FF85C1-2353-484C-8E82-CEF9E317054A}.Debug|Any CPU.ActiveCfg = Debug|Any CPU
		{64FF85C1-2353-484C-8E82-CEF9E317054A}.Debug|Any CPU.Build.0 = Debug|Any CPU
		{64FF85C1-2353-484C-8E82-CEF9E317054A}.Release|Any CPU.ActiveCfg = Release|Any CPU
		{64FF85C1-2353-484C-8E82-CEF9E317054A}.Release|Any CPU.Build.0 = Release|Any CPU
		{DA81B5F7-6503-4D06-9E31-D0761984F680}.Debug|Any CPU.ActiveCfg = Debug|Any CPU
		{DA81B5F7-6503-4D06-9E31-D0761984F680}.Debug|Any CPU.Build.0 = Debug|Any CPU
		{DA81B5F7-6503-4D06-9E31-D0761984F680}.Release|Any CPU.ActiveCfg = Release|Any CPU
		{DA81B5F7-6503-4D06-9E31-D0761984F680}.Release|Any CPU.Build.0 = Release|Any CPU
		{0C18FFDC-EDB4-4726-B8A5-9070889E2F12}.Debug|Any CPU.ActiveCfg = Debug|Any CPU
		{0C18FFDC-EDB4-4726-B8A5-9070889E2F12}.Debug|Any CPU.Build.0 = Debug|Any CPU
		{0C18FFDC-EDB4-4726-B8A5-9070889E2F12}.Release|Any CPU.ActiveCfg = Release|Any CPU
		{0C18FFDC-EDB4-4726-B8A5-9070889E2F12}.Release|Any CPU.Build.0 = Release|Any CPU
		{C83577FE-EA01-4FA0-B4C8-7465DCD72114}.Debug|Any CPU.ActiveCfg = Debug|Any CPU
		{C83577FE-EA01-4FA0-B4C8-7465DCD72114}.Debug|Any CPU.Build.0 = Debug|Any CPU
		{C83577FE-EA01-4FA0-B4C8-7465DCD72114}.Release|Any CPU.ActiveCfg = Release|Any CPU
		{C83577FE-EA01-4FA0-B4C8-7465DCD72114}.Release|Any CPU.Build.0 = Release|Any CPU
		{23EC238A-CD54-4BE7-A425-EC96F6E00A6D}.Debug|Any CPU.ActiveCfg = Debug|Any CPU
		{23EC238A-CD54-4BE7-A425-EC96F6E00A6D}.Debug|Any CPU.Build.0 = Debug|Any CPU
		{23EC238A-CD54-4BE7-A425-EC96F6E00A6D}.Release|Any CPU.ActiveCfg = Release|Any CPU
		{23EC238A-CD54-4BE7-A425-EC96F6E00A6D}.Release|Any CPU.Build.0 = Release|Any CPU
		{540B61DB-BA02-458C-ADB1-D39D1AEE6409}.Debug|Any CPU.ActiveCfg = Debug|Any CPU
		{540B61DB-BA02-458C-ADB1-D39D1AEE6409}.Debug|Any CPU.Build.0 = Debug|Any CPU
		{540B61DB-BA02-458C-ADB1-D39D1AEE6409}.Release|Any CPU.ActiveCfg = Release|Any CPU
		{540B61DB-BA02-458C-ADB1-D39D1AEE6409}.Release|Any CPU.Build.0 = Release|Any CPU
		{EC38D99A-5C26-46BA-8330-490991AE1D1A}.Debug|Any CPU.ActiveCfg = Debug|Any CPU
		{EC38D99A-5C26-46BA-8330-490991AE1D1A}.Debug|Any CPU.Build.0 = Debug|Any CPU
		{EC38D99A-5C26-46BA-8330-490991AE1D1A}.Release|Any CPU.ActiveCfg = Release|Any CPU
		{EC38D99A-5C26-46BA-8330-490991AE1D1A}.Release|Any CPU.Build.0 = Release|Any CPU
		{DE9C6933-42B0-421A-9F34-87D6DA3C1F1E}.Debug|Any CPU.ActiveCfg = Debug|Any CPU
		{DE9C6933-42B0-421A-9F34-87D6DA3C1F1E}.Debug|Any CPU.Build.0 = Debug|Any CPU
		{DE9C6933-42B0-421A-9F34-87D6DA3C1F1E}.Release|Any CPU.ActiveCfg = Release|Any CPU
		{DE9C6933-42B0-421A-9F34-87D6DA3C1F1E}.Release|Any CPU.Build.0 = Release|Any CPU
		{D5DC6FF6-E313-4884-997E-5301E9311C4C}.Debug|Any CPU.ActiveCfg = Debug|Any CPU
		{D5DC6FF6-E313-4884-997E-5301E9311C4C}.Debug|Any CPU.Build.0 = Debug|Any CPU
		{D5DC6FF6-E313-4884-997E-5301E9311C4C}.Release|Any CPU.ActiveCfg = Release|Any CPU
		{D5DC6FF6-E313-4884-997E-5301E9311C4C}.Release|Any CPU.Build.0 = Release|Any CPU
		{DC136B21-1961-47F4-872A-C16B9DC2CB4A}.Debug|Any CPU.ActiveCfg = Debug|Any CPU
		{DC136B21-1961-47F4-872A-C16B9DC2CB4A}.Debug|Any CPU.Build.0 = Debug|Any CPU
		{DC136B21-1961-47F4-872A-C16B9DC2CB4A}.Release|Any CPU.ActiveCfg = Release|Any CPU
		{DC136B21-1961-47F4-872A-C16B9DC2CB4A}.Release|Any CPU.Build.0 = Release|Any CPU
		{8A59E864-5A65-4696-BB41-6EFCEFD9337E}.Debug|Any CPU.ActiveCfg = Debug|Any CPU
		{8A59E864-5A65-4696-BB41-6EFCEFD9337E}.Debug|Any CPU.Build.0 = Debug|Any CPU
		{8A59E864-5A65-4696-BB41-6EFCEFD9337E}.Release|Any CPU.ActiveCfg = Release|Any CPU
		{8A59E864-5A65-4696-BB41-6EFCEFD9337E}.Release|Any CPU.Build.0 = Release|Any CPU
		{95DAA51E-7B77-49BE-97F1-B00B0ADAD99A}.Debug|Any CPU.ActiveCfg = Debug|Any CPU
		{95DAA51E-7B77-49BE-97F1-B00B0ADAD99A}.Debug|Any CPU.Build.0 = Debug|Any CPU
		{95DAA51E-7B77-49BE-97F1-B00B0ADAD99A}.Release|Any CPU.ActiveCfg = Release|Any CPU
		{95DAA51E-7B77-49BE-97F1-B00B0ADAD99A}.Release|Any CPU.Build.0 = Release|Any CPU
		{70118028-4E13-49B1-A10E-C55F36CFB198}.Debug|Any CPU.ActiveCfg = Debug|Any CPU
		{70118028-4E13-49B1-A10E-C55F36CFB198}.Debug|Any CPU.Build.0 = Debug|Any CPU
		{70118028-4E13-49B1-A10E-C55F36CFB198}.Release|Any CPU.ActiveCfg = Release|Any CPU
		{70118028-4E13-49B1-A10E-C55F36CFB198}.Release|Any CPU.Build.0 = Release|Any CPU
		{810967B2-C210-4F52-9854-1A482EC92E69}.Debug|Any CPU.ActiveCfg = Debug|Any CPU
		{810967B2-C210-4F52-9854-1A482EC92E69}.Debug|Any CPU.Build.0 = Debug|Any CPU
		{810967B2-C210-4F52-9854-1A482EC92E69}.Release|Any CPU.ActiveCfg = Release|Any CPU
		{810967B2-C210-4F52-9854-1A482EC92E69}.Release|Any CPU.Build.0 = Release|Any CPU
		{79B725DF-22B1-4365-9DCA-E4E9A27FAB4C}.Debug|Any CPU.ActiveCfg = Debug|Any CPU
		{79B725DF-22B1-4365-9DCA-E4E9A27FAB4C}.Debug|Any CPU.Build.0 = Debug|Any CPU
		{79B725DF-22B1-4365-9DCA-E4E9A27FAB4C}.Release|Any CPU.ActiveCfg = Release|Any CPU
		{79B725DF-22B1-4365-9DCA-E4E9A27FAB4C}.Release|Any CPU.Build.0 = Release|Any CPU
		{715277CD-C36E-4BC2-8D45-6A8D99286A7E}.Debug|Any CPU.ActiveCfg = Debug|Any CPU
		{715277CD-C36E-4BC2-8D45-6A8D99286A7E}.Debug|Any CPU.Build.0 = Debug|Any CPU
		{715277CD-C36E-4BC2-8D45-6A8D99286A7E}.Release|Any CPU.ActiveCfg = Release|Any CPU
		{715277CD-C36E-4BC2-8D45-6A8D99286A7E}.Release|Any CPU.Build.0 = Release|Any CPU
		{9695B1BB-EF9D-4B7F-8157-CA4F854E922B}.Debug|Any CPU.ActiveCfg = Debug|Any CPU
		{9695B1BB-EF9D-4B7F-8157-CA4F854E922B}.Debug|Any CPU.Build.0 = Debug|Any CPU
		{9695B1BB-EF9D-4B7F-8157-CA4F854E922B}.Release|Any CPU.ActiveCfg = Release|Any CPU
		{9695B1BB-EF9D-4B7F-8157-CA4F854E922B}.Release|Any CPU.Build.0 = Release|Any CPU
		{AE4D755A-88F7-4CEE-A4E0-2CF9F8C21CC7}.Debug|Any CPU.ActiveCfg = Debug|Any CPU
		{AE4D755A-88F7-4CEE-A4E0-2CF9F8C21CC7}.Debug|Any CPU.Build.0 = Debug|Any CPU
		{AE4D755A-88F7-4CEE-A4E0-2CF9F8C21CC7}.Release|Any CPU.ActiveCfg = Release|Any CPU
		{AE4D755A-88F7-4CEE-A4E0-2CF9F8C21CC7}.Release|Any CPU.Build.0 = Release|Any CPU
		{2D3DFE05-9E0A-4557-B462-283CB73274AC}.Debug|Any CPU.ActiveCfg = Debug|Any CPU
		{2D3DFE05-9E0A-4557-B462-283CB73274AC}.Debug|Any CPU.Build.0 = Debug|Any CPU
		{2D3DFE05-9E0A-4557-B462-283CB73274AC}.Release|Any CPU.ActiveCfg = Release|Any CPU
		{2D3DFE05-9E0A-4557-B462-283CB73274AC}.Release|Any CPU.Build.0 = Release|Any CPU
		{BA724E7B-9B98-4AA7-AC48-E6F260A18B9F}.Debug|Any CPU.ActiveCfg = Debug|Any CPU
		{BA724E7B-9B98-4AA7-AC48-E6F260A18B9F}.Debug|Any CPU.Build.0 = Debug|Any CPU
		{BA724E7B-9B98-4AA7-AC48-E6F260A18B9F}.Release|Any CPU.ActiveCfg = Release|Any CPU
		{BA724E7B-9B98-4AA7-AC48-E6F260A18B9F}.Release|Any CPU.Build.0 = Release|Any CPU
		{04AE1829-660A-4121-A171-476BCAC560E3}.Debug|Any CPU.ActiveCfg = Debug|Any CPU
		{04AE1829-660A-4121-A171-476BCAC560E3}.Debug|Any CPU.Build.0 = Debug|Any CPU
		{04AE1829-660A-4121-A171-476BCAC560E3}.Release|Any CPU.ActiveCfg = Release|Any CPU
		{04AE1829-660A-4121-A171-476BCAC560E3}.Release|Any CPU.Build.0 = Release|Any CPU
		{82E420A8-C520-4454-B9E6-1DAD2A0D719D}.Debug|Any CPU.ActiveCfg = Debug|Any CPU
		{82E420A8-C520-4454-B9E6-1DAD2A0D719D}.Debug|Any CPU.Build.0 = Debug|Any CPU
		{82E420A8-C520-4454-B9E6-1DAD2A0D719D}.Release|Any CPU.ActiveCfg = Release|Any CPU
		{82E420A8-C520-4454-B9E6-1DAD2A0D719D}.Release|Any CPU.Build.0 = Release|Any CPU
		{87905EBF-1660-4B64-A672-90ECDEB4F515}.Debug|Any CPU.ActiveCfg = Debug|Any CPU
		{87905EBF-1660-4B64-A672-90ECDEB4F515}.Debug|Any CPU.Build.0 = Debug|Any CPU
		{87905EBF-1660-4B64-A672-90ECDEB4F515}.Release|Any CPU.ActiveCfg = Release|Any CPU
		{87905EBF-1660-4B64-A672-90ECDEB4F515}.Release|Any CPU.Build.0 = Release|Any CPU
		{3A5968AA-5DCB-412A-885F-57BD4FCCA818}.Debug|Any CPU.ActiveCfg = Debug|Any CPU
		{3A5968AA-5DCB-412A-885F-57BD4FCCA818}.Debug|Any CPU.Build.0 = Debug|Any CPU
		{3A5968AA-5DCB-412A-885F-57BD4FCCA818}.Release|Any CPU.ActiveCfg = Release|Any CPU
		{3A5968AA-5DCB-412A-885F-57BD4FCCA818}.Release|Any CPU.Build.0 = Release|Any CPU
		{797A79DC-1719-4110-9660-ED8221C125AF}.Debug|Any CPU.ActiveCfg = Debug|Any CPU
		{797A79DC-1719-4110-9660-ED8221C125AF}.Debug|Any CPU.Build.0 = Debug|Any CPU
		{797A79DC-1719-4110-9660-ED8221C125AF}.Release|Any CPU.ActiveCfg = Release|Any CPU
		{797A79DC-1719-4110-9660-ED8221C125AF}.Release|Any CPU.Build.0 = Release|Any CPU
		{8B8EB938-80E6-43F7-82AC-98BEDA03C4A6}.Debug|Any CPU.ActiveCfg = Debug|Any CPU
		{8B8EB938-80E6-43F7-82AC-98BEDA03C4A6}.Debug|Any CPU.Build.0 = Debug|Any CPU
		{8B8EB938-80E6-43F7-82AC-98BEDA03C4A6}.Release|Any CPU.ActiveCfg = Release|Any CPU
		{8B8EB938-80E6-43F7-82AC-98BEDA03C4A6}.Release|Any CPU.Build.0 = Release|Any CPU
		{DF11027E-B954-4F4F-96CD-D23A22A5474C}.Debug|Any CPU.ActiveCfg = Debug|Any CPU
		{DF11027E-B954-4F4F-96CD-D23A22A5474C}.Debug|Any CPU.Build.0 = Debug|Any CPU
		{DF11027E-B954-4F4F-96CD-D23A22A5474C}.Release|Any CPU.ActiveCfg = Release|Any CPU
		{DF11027E-B954-4F4F-96CD-D23A22A5474C}.Release|Any CPU.Build.0 = Release|Any CPU
		{E9C713E2-849B-44C7-A9B2-0B30D1086E37}.Debug|Any CPU.ActiveCfg = Debug|Any CPU
		{E9C713E2-849B-44C7-A9B2-0B30D1086E37}.Debug|Any CPU.Build.0 = Debug|Any CPU
		{E9C713E2-849B-44C7-A9B2-0B30D1086E37}.Release|Any CPU.ActiveCfg = Release|Any CPU
		{E9C713E2-849B-44C7-A9B2-0B30D1086E37}.Release|Any CPU.Build.0 = Release|Any CPU
		{0D62C746-21CF-44B9-ACF9-70D636B60F71}.Debug|Any CPU.ActiveCfg = Debug|Any CPU
		{0D62C746-21CF-44B9-ACF9-70D636B60F71}.Debug|Any CPU.Build.0 = Debug|Any CPU
		{0D62C746-21CF-44B9-ACF9-70D636B60F71}.Release|Any CPU.ActiveCfg = Release|Any CPU
		{0D62C746-21CF-44B9-ACF9-70D636B60F71}.Release|Any CPU.Build.0 = Release|Any CPU
		{4296FF58-22E9-416F-9725-CE7045FD1BE3}.Debug|Any CPU.ActiveCfg = Debug|Any CPU
		{4296FF58-22E9-416F-9725-CE7045FD1BE3}.Debug|Any CPU.Build.0 = Debug|Any CPU
		{4296FF58-22E9-416F-9725-CE7045FD1BE3}.Release|Any CPU.ActiveCfg = Release|Any CPU
		{4296FF58-22E9-416F-9725-CE7045FD1BE3}.Release|Any CPU.Build.0 = Release|Any CPU
		{91F1EC52-26BC-49B5-A974-71F0FDC6D9D3}.Debug|Any CPU.ActiveCfg = Debug|Any CPU
		{91F1EC52-26BC-49B5-A974-71F0FDC6D9D3}.Debug|Any CPU.Build.0 = Debug|Any CPU
		{91F1EC52-26BC-49B5-A974-71F0FDC6D9D3}.Release|Any CPU.ActiveCfg = Release|Any CPU
		{91F1EC52-26BC-49B5-A974-71F0FDC6D9D3}.Release|Any CPU.Build.0 = Release|Any CPU
		{49DC6B09-3A0E-49B2-BBE6-9482E15B1A22}.Debug|Any CPU.ActiveCfg = Debug|Any CPU
		{49DC6B09-3A0E-49B2-BBE6-9482E15B1A22}.Debug|Any CPU.Build.0 = Debug|Any CPU
		{49DC6B09-3A0E-49B2-BBE6-9482E15B1A22}.Release|Any CPU.ActiveCfg = Release|Any CPU
		{49DC6B09-3A0E-49B2-BBE6-9482E15B1A22}.Release|Any CPU.Build.0 = Release|Any CPU
		{DBD9B2AE-80E1-421E-83E0-CC01E52F561D}.Debug|Any CPU.ActiveCfg = Debug|Any CPU
		{DBD9B2AE-80E1-421E-83E0-CC01E52F561D}.Debug|Any CPU.Build.0 = Debug|Any CPU
		{DBD9B2AE-80E1-421E-83E0-CC01E52F561D}.Release|Any CPU.ActiveCfg = Release|Any CPU
		{DBD9B2AE-80E1-421E-83E0-CC01E52F561D}.Release|Any CPU.Build.0 = Release|Any CPU
		{E4F05BDF-BD94-429D-9F71-F26AAEEC32D8}.Debug|Any CPU.ActiveCfg = Debug|Any CPU
		{E4F05BDF-BD94-429D-9F71-F26AAEEC32D8}.Debug|Any CPU.Build.0 = Debug|Any CPU
		{E4F05BDF-BD94-429D-9F71-F26AAEEC32D8}.Release|Any CPU.ActiveCfg = Release|Any CPU
		{E4F05BDF-BD94-429D-9F71-F26AAEEC32D8}.Release|Any CPU.Build.0 = Release|Any CPU
		{78620570-79C4-4D17-BCCB-98A3E5FBE9C4}.Debug|Any CPU.ActiveCfg = Debug|Any CPU
		{78620570-79C4-4D17-BCCB-98A3E5FBE9C4}.Debug|Any CPU.Build.0 = Debug|Any CPU
		{78620570-79C4-4D17-BCCB-98A3E5FBE9C4}.Release|Any CPU.ActiveCfg = Release|Any CPU
		{78620570-79C4-4D17-BCCB-98A3E5FBE9C4}.Release|Any CPU.Build.0 = Release|Any CPU
		{2B4448CD-F491-4A97-8721-5A665C720D0A}.Debug|Any CPU.ActiveCfg = Debug|Any CPU
		{2B4448CD-F491-4A97-8721-5A665C720D0A}.Debug|Any CPU.Build.0 = Debug|Any CPU
		{2B4448CD-F491-4A97-8721-5A665C720D0A}.Release|Any CPU.ActiveCfg = Release|Any CPU
		{2B4448CD-F491-4A97-8721-5A665C720D0A}.Release|Any CPU.Build.0 = Release|Any CPU
		{9CD38AA4-0727-4906-A723-4891A9956D4F}.Debug|Any CPU.ActiveCfg = Debug|Any CPU
		{9CD38AA4-0727-4906-A723-4891A9956D4F}.Debug|Any CPU.Build.0 = Debug|Any CPU
		{9CD38AA4-0727-4906-A723-4891A9956D4F}.Release|Any CPU.ActiveCfg = Release|Any CPU
		{9CD38AA4-0727-4906-A723-4891A9956D4F}.Release|Any CPU.Build.0 = Release|Any CPU
		{1930F49F-108C-421F-BB04-D22E49D8A47A}.Debug|Any CPU.ActiveCfg = Debug|Any CPU
		{1930F49F-108C-421F-BB04-D22E49D8A47A}.Debug|Any CPU.Build.0 = Debug|Any CPU
		{1930F49F-108C-421F-BB04-D22E49D8A47A}.Release|Any CPU.ActiveCfg = Release|Any CPU
		{1930F49F-108C-421F-BB04-D22E49D8A47A}.Release|Any CPU.Build.0 = Release|Any CPU
		{731C683E-319E-4AE8-BC28-6CB0786338DC}.Debug|Any CPU.ActiveCfg = Debug|Any CPU
		{731C683E-319E-4AE8-BC28-6CB0786338DC}.Debug|Any CPU.Build.0 = Debug|Any CPU
		{731C683E-319E-4AE8-BC28-6CB0786338DC}.Release|Any CPU.ActiveCfg = Release|Any CPU
		{731C683E-319E-4AE8-BC28-6CB0786338DC}.Release|Any CPU.Build.0 = Release|Any CPU
		{85AB8255-0738-4139-9198-8A5C57190624}.Debug|Any CPU.ActiveCfg = Debug|Any CPU
		{85AB8255-0738-4139-9198-8A5C57190624}.Debug|Any CPU.Build.0 = Debug|Any CPU
		{85AB8255-0738-4139-9198-8A5C57190624}.Release|Any CPU.ActiveCfg = Release|Any CPU
		{85AB8255-0738-4139-9198-8A5C57190624}.Release|Any CPU.Build.0 = Release|Any CPU
		{8A276B7B-CA0A-406E-9940-6D7FC3F5372F}.Debug|Any CPU.ActiveCfg = Debug|Any CPU
		{8A276B7B-CA0A-406E-9940-6D7FC3F5372F}.Debug|Any CPU.Build.0 = Debug|Any CPU
		{8A276B7B-CA0A-406E-9940-6D7FC3F5372F}.Release|Any CPU.ActiveCfg = Release|Any CPU
		{8A276B7B-CA0A-406E-9940-6D7FC3F5372F}.Release|Any CPU.Build.0 = Release|Any CPU
		{54915787-1BD7-4F04-A4F3-4BFA37297862}.Debug|Any CPU.ActiveCfg = Debug|Any CPU
		{54915787-1BD7-4F04-A4F3-4BFA37297862}.Debug|Any CPU.Build.0 = Debug|Any CPU
		{54915787-1BD7-4F04-A4F3-4BFA37297862}.Release|Any CPU.ActiveCfg = Release|Any CPU
		{54915787-1BD7-4F04-A4F3-4BFA37297862}.Release|Any CPU.Build.0 = Release|Any CPU
		{9E5BA65F-42D5-400D-8DDD-168E77AD14B0}.Debug|Any CPU.ActiveCfg = Debug|Any CPU
		{9E5BA65F-42D5-400D-8DDD-168E77AD14B0}.Debug|Any CPU.Build.0 = Debug|Any CPU
		{9E5BA65F-42D5-400D-8DDD-168E77AD14B0}.Release|Any CPU.ActiveCfg = Release|Any CPU
		{9E5BA65F-42D5-400D-8DDD-168E77AD14B0}.Release|Any CPU.Build.0 = Release|Any CPU
		{AC6BFE01-D382-4793-AC66-CB40B0FE6B41}.Debug|Any CPU.ActiveCfg = Debug|Any CPU
		{AC6BFE01-D382-4793-AC66-CB40B0FE6B41}.Debug|Any CPU.Build.0 = Debug|Any CPU
		{AC6BFE01-D382-4793-AC66-CB40B0FE6B41}.Release|Any CPU.ActiveCfg = Release|Any CPU
		{AC6BFE01-D382-4793-AC66-CB40B0FE6B41}.Release|Any CPU.Build.0 = Release|Any CPU
		{EA24CB93-EE64-4759-8BFE-92988D4D1323}.Debug|Any CPU.ActiveCfg = Debug|Any CPU
		{EA24CB93-EE64-4759-8BFE-92988D4D1323}.Debug|Any CPU.Build.0 = Debug|Any CPU
		{EA24CB93-EE64-4759-8BFE-92988D4D1323}.Release|Any CPU.ActiveCfg = Release|Any CPU
		{EA24CB93-EE64-4759-8BFE-92988D4D1323}.Release|Any CPU.Build.0 = Release|Any CPU
		{2BE18D7C-89AD-48FD-BA8E-F90187D90287}.Debug|Any CPU.ActiveCfg = Debug|Any CPU
		{2BE18D7C-89AD-48FD-BA8E-F90187D90287}.Debug|Any CPU.Build.0 = Debug|Any CPU
		{2BE18D7C-89AD-48FD-BA8E-F90187D90287}.Release|Any CPU.ActiveCfg = Release|Any CPU
		{2BE18D7C-89AD-48FD-BA8E-F90187D90287}.Release|Any CPU.Build.0 = Release|Any CPU
		{39C5436A-8F5A-4597-AFF2-5BDE6A2166AD}.Debug|Any CPU.ActiveCfg = Debug|Any CPU
		{39C5436A-8F5A-4597-AFF2-5BDE6A2166AD}.Debug|Any CPU.Build.0 = Debug|Any CPU
		{39C5436A-8F5A-4597-AFF2-5BDE6A2166AD}.Release|Any CPU.ActiveCfg = Release|Any CPU
		{39C5436A-8F5A-4597-AFF2-5BDE6A2166AD}.Release|Any CPU.Build.0 = Release|Any CPU
		{7FA50D4B-9033-4551-A902-48EEBBCFBC09}.Debug|Any CPU.ActiveCfg = Debug|Any CPU
		{7FA50D4B-9033-4551-A902-48EEBBCFBC09}.Debug|Any CPU.Build.0 = Debug|Any CPU
		{7FA50D4B-9033-4551-A902-48EEBBCFBC09}.Release|Any CPU.ActiveCfg = Release|Any CPU
		{7FA50D4B-9033-4551-A902-48EEBBCFBC09}.Release|Any CPU.Build.0 = Release|Any CPU
		{ED27178F-24E5-4C9B-A098-394B94F76CE0}.Debug|Any CPU.ActiveCfg = Debug|Any CPU
		{ED27178F-24E5-4C9B-A098-394B94F76CE0}.Debug|Any CPU.Build.0 = Debug|Any CPU
		{ED27178F-24E5-4C9B-A098-394B94F76CE0}.Release|Any CPU.ActiveCfg = Release|Any CPU
		{ED27178F-24E5-4C9B-A098-394B94F76CE0}.Release|Any CPU.Build.0 = Release|Any CPU
		{6E7A839A-DAA3-405B-AC2F-0C040FF36EF7}.Debug|Any CPU.ActiveCfg = Debug|Any CPU
		{6E7A839A-DAA3-405B-AC2F-0C040FF36EF7}.Debug|Any CPU.Build.0 = Debug|Any CPU
		{6E7A839A-DAA3-405B-AC2F-0C040FF36EF7}.Release|Any CPU.ActiveCfg = Release|Any CPU
		{6E7A839A-DAA3-405B-AC2F-0C040FF36EF7}.Release|Any CPU.Build.0 = Release|Any CPU
		{3E5C5541-0695-4FCD-B978-A02A41CF3D56}.Debug|Any CPU.ActiveCfg = Debug|Any CPU
		{3E5C5541-0695-4FCD-B978-A02A41CF3D56}.Debug|Any CPU.Build.0 = Debug|Any CPU
		{3E5C5541-0695-4FCD-B978-A02A41CF3D56}.Release|Any CPU.ActiveCfg = Release|Any CPU
		{3E5C5541-0695-4FCD-B978-A02A41CF3D56}.Release|Any CPU.Build.0 = Release|Any CPU
		{E3AD7A1F-8FA1-4429-B006-9BD0CBC407F9}.Debug|Any CPU.ActiveCfg = Debug|Any CPU
		{E3AD7A1F-8FA1-4429-B006-9BD0CBC407F9}.Debug|Any CPU.Build.0 = Debug|Any CPU
		{E3AD7A1F-8FA1-4429-B006-9BD0CBC407F9}.Release|Any CPU.ActiveCfg = Release|Any CPU
		{E3AD7A1F-8FA1-4429-B006-9BD0CBC407F9}.Release|Any CPU.Build.0 = Release|Any CPU
		{6E0A1309-32C7-4C3F-83C4-F4E6E7C194EB}.Debug|Any CPU.ActiveCfg = Debug|Any CPU
		{6E0A1309-32C7-4C3F-83C4-F4E6E7C194EB}.Debug|Any CPU.Build.0 = Debug|Any CPU
		{6E0A1309-32C7-4C3F-83C4-F4E6E7C194EB}.Release|Any CPU.ActiveCfg = Release|Any CPU
		{6E0A1309-32C7-4C3F-83C4-F4E6E7C194EB}.Release|Any CPU.Build.0 = Release|Any CPU
		{AFFFE2CB-5338-480A-BD9E-0F3AC2E5650F}.Debug|Any CPU.ActiveCfg = Debug|Any CPU
		{AFFFE2CB-5338-480A-BD9E-0F3AC2E5650F}.Debug|Any CPU.Build.0 = Debug|Any CPU
		{AFFFE2CB-5338-480A-BD9E-0F3AC2E5650F}.Release|Any CPU.ActiveCfg = Release|Any CPU
		{AFFFE2CB-5338-480A-BD9E-0F3AC2E5650F}.Release|Any CPU.Build.0 = Release|Any CPU
		{507917F8-8DA0-4823-AF59-57B7709A82DE}.Debug|Any CPU.ActiveCfg = Debug|Any CPU
		{507917F8-8DA0-4823-AF59-57B7709A82DE}.Debug|Any CPU.Build.0 = Debug|Any CPU
		{507917F8-8DA0-4823-AF59-57B7709A82DE}.Release|Any CPU.ActiveCfg = Release|Any CPU
		{507917F8-8DA0-4823-AF59-57B7709A82DE}.Release|Any CPU.Build.0 = Release|Any CPU
		{A94184AB-A050-4251-A0E9-071F1552DCC7}.Debug|Any CPU.ActiveCfg = Debug|Any CPU
		{A94184AB-A050-4251-A0E9-071F1552DCC7}.Debug|Any CPU.Build.0 = Debug|Any CPU
		{A94184AB-A050-4251-A0E9-071F1552DCC7}.Release|Any CPU.ActiveCfg = Release|Any CPU
		{A94184AB-A050-4251-A0E9-071F1552DCC7}.Release|Any CPU.Build.0 = Release|Any CPU
		{7DE2CEEF-D3EA-40E5-832B-6678C1D1A925}.Debug|Any CPU.ActiveCfg = Debug|Any CPU
		{7DE2CEEF-D3EA-40E5-832B-6678C1D1A925}.Debug|Any CPU.Build.0 = Debug|Any CPU
		{7DE2CEEF-D3EA-40E5-832B-6678C1D1A925}.Release|Any CPU.ActiveCfg = Release|Any CPU
		{7DE2CEEF-D3EA-40E5-832B-6678C1D1A925}.Release|Any CPU.Build.0 = Release|Any CPU
		{3885EEB3-24CB-434C-9A42-B9B50D8FC3FB}.Debug|Any CPU.ActiveCfg = Debug|Any CPU
		{3885EEB3-24CB-434C-9A42-B9B50D8FC3FB}.Debug|Any CPU.Build.0 = Debug|Any CPU
		{3885EEB3-24CB-434C-9A42-B9B50D8FC3FB}.Release|Any CPU.ActiveCfg = Release|Any CPU
		{3885EEB3-24CB-434C-9A42-B9B50D8FC3FB}.Release|Any CPU.Build.0 = Release|Any CPU
		{6C30D88F-8A6E-485B-BE41-286FEA55FF57}.Debug|Any CPU.ActiveCfg = Debug|Any CPU
		{6C30D88F-8A6E-485B-BE41-286FEA55FF57}.Debug|Any CPU.Build.0 = Debug|Any CPU
		{6C30D88F-8A6E-485B-BE41-286FEA55FF57}.Release|Any CPU.ActiveCfg = Release|Any CPU
		{6C30D88F-8A6E-485B-BE41-286FEA55FF57}.Release|Any CPU.Build.0 = Release|Any CPU
		{5F9CFC44-545D-4B61-999B-2F9BCD1A87D8}.Debug|Any CPU.ActiveCfg = Debug|Any CPU
		{5F9CFC44-545D-4B61-999B-2F9BCD1A87D8}.Debug|Any CPU.Build.0 = Debug|Any CPU
		{5F9CFC44-545D-4B61-999B-2F9BCD1A87D8}.Release|Any CPU.ActiveCfg = Release|Any CPU
		{5F9CFC44-545D-4B61-999B-2F9BCD1A87D8}.Release|Any CPU.Build.0 = Release|Any CPU
		{200BEC19-6E32-49BC-A67F-B181F4B14121}.Debug|Any CPU.ActiveCfg = Debug|Any CPU
		{200BEC19-6E32-49BC-A67F-B181F4B14121}.Debug|Any CPU.Build.0 = Debug|Any CPU
		{200BEC19-6E32-49BC-A67F-B181F4B14121}.Release|Any CPU.ActiveCfg = Release|Any CPU
		{200BEC19-6E32-49BC-A67F-B181F4B14121}.Release|Any CPU.Build.0 = Release|Any CPU
		{F428722E-DE37-48ED-962D-948CF46A6196}.Debug|Any CPU.ActiveCfg = Debug|Any CPU
		{F428722E-DE37-48ED-962D-948CF46A6196}.Debug|Any CPU.Build.0 = Debug|Any CPU
		{F428722E-DE37-48ED-962D-948CF46A6196}.Release|Any CPU.ActiveCfg = Release|Any CPU
		{F428722E-DE37-48ED-962D-948CF46A6196}.Release|Any CPU.Build.0 = Release|Any CPU
		{CA017C0C-E902-4042-9A60-3485B030E158}.Debug|Any CPU.ActiveCfg = Debug|Any CPU
		{CA017C0C-E902-4042-9A60-3485B030E158}.Debug|Any CPU.Build.0 = Debug|Any CPU
		{CA017C0C-E902-4042-9A60-3485B030E158}.Release|Any CPU.ActiveCfg = Release|Any CPU
		{CA017C0C-E902-4042-9A60-3485B030E158}.Release|Any CPU.Build.0 = Release|Any CPU
		{CDD52D60-C496-4C0D-BD03-C64820F18D0B}.Debug|Any CPU.ActiveCfg = Debug|Any CPU
		{CDD52D60-C496-4C0D-BD03-C64820F18D0B}.Debug|Any CPU.Build.0 = Debug|Any CPU
		{CDD52D60-C496-4C0D-BD03-C64820F18D0B}.Release|Any CPU.ActiveCfg = Release|Any CPU
		{CDD52D60-C496-4C0D-BD03-C64820F18D0B}.Release|Any CPU.Build.0 = Release|Any CPU
		{99FBAF3C-798B-426E-B938-EB0ABC1D2130}.Debug|Any CPU.ActiveCfg = Debug|Any CPU
		{99FBAF3C-798B-426E-B938-EB0ABC1D2130}.Debug|Any CPU.Build.0 = Debug|Any CPU
		{99FBAF3C-798B-426E-B938-EB0ABC1D2130}.Release|Any CPU.ActiveCfg = Release|Any CPU
		{99FBAF3C-798B-426E-B938-EB0ABC1D2130}.Release|Any CPU.Build.0 = Release|Any CPU
		{19E04BA1-C7B5-470C-BE00-28220629C986}.Debug|Any CPU.ActiveCfg = Debug|Any CPU
		{19E04BA1-C7B5-470C-BE00-28220629C986}.Debug|Any CPU.Build.0 = Debug|Any CPU
		{19E04BA1-C7B5-470C-BE00-28220629C986}.Release|Any CPU.ActiveCfg = Release|Any CPU
		{19E04BA1-C7B5-470C-BE00-28220629C986}.Release|Any CPU.Build.0 = Release|Any CPU
		{972D3FAE-115E-426D-BDA6-6F82955E04CB}.Debug|Any CPU.ActiveCfg = Debug|Any CPU
		{972D3FAE-115E-426D-BDA6-6F82955E04CB}.Debug|Any CPU.Build.0 = Debug|Any CPU
		{972D3FAE-115E-426D-BDA6-6F82955E04CB}.Release|Any CPU.ActiveCfg = Release|Any CPU
		{972D3FAE-115E-426D-BDA6-6F82955E04CB}.Release|Any CPU.Build.0 = Release|Any CPU
		{4F7E65FF-0BB2-4703-869F-13F34C84E2E9}.Debug|Any CPU.ActiveCfg = Debug|Any CPU
		{4F7E65FF-0BB2-4703-869F-13F34C84E2E9}.Debug|Any CPU.Build.0 = Debug|Any CPU
		{4F7E65FF-0BB2-4703-869F-13F34C84E2E9}.Release|Any CPU.ActiveCfg = Release|Any CPU
		{4F7E65FF-0BB2-4703-869F-13F34C84E2E9}.Release|Any CPU.Build.0 = Release|Any CPU
		{7AB038B7-D1DD-4C22-916A-9CDD2EBBA6E4}.Debug|Any CPU.ActiveCfg = Debug|Any CPU
		{7AB038B7-D1DD-4C22-916A-9CDD2EBBA6E4}.Debug|Any CPU.Build.0 = Debug|Any CPU
		{7AB038B7-D1DD-4C22-916A-9CDD2EBBA6E4}.Release|Any CPU.ActiveCfg = Release|Any CPU
		{7AB038B7-D1DD-4C22-916A-9CDD2EBBA6E4}.Release|Any CPU.Build.0 = Release|Any CPU
	EndGlobalSection
	GlobalSection(SolutionProperties) = preSolution
		HideSolutionNode = FALSE
	EndGlobalSection
	GlobalSection(NestedProjects) = preSolution
		{2ADF52DA-0275-4F55-BDDE-BB14FD7717D5} = {B3C93161-7228-4DF4-8640-30BC30C31266}
		{96853A42-64F7-495B-9163-14080286F06C} = {B3C93161-7228-4DF4-8640-30BC30C31266}
		{56FFD61E-8CD7-45C9-8E84-38BE81104511} = {9207829F-7749-47E9-AFA8-BF8BA22FF1B3}
		{8DC3A6C8-B7BF-4CF3-B156-9E5059FBDF18} = {9207829F-7749-47E9-AFA8-BF8BA22FF1B3}
		{142E7BC6-03AB-44EE-8161-C47E5DB219FC} = {9207829F-7749-47E9-AFA8-BF8BA22FF1B3}
		{1C5FAF83-C6FB-4E5A-82E4-7898971DF27D} = {9207829F-7749-47E9-AFA8-BF8BA22FF1B3}
		{2F8638F9-956C-462B-AAC1-2B5F117D9694} = {9207829F-7749-47E9-AFA8-BF8BA22FF1B3}
		{26DD4933-D54E-460D-AAFF-851B7FC97C0E} = {9207829F-7749-47E9-AFA8-BF8BA22FF1B3}
		{7A22B365-BE0C-4314-AFDF-F0E89C0A3B06} = {9207829F-7749-47E9-AFA8-BF8BA22FF1B3}
		{7AD8B004-DE75-475A-902F-07FB0BCFA2A2} = {9207829F-7749-47E9-AFA8-BF8BA22FF1B3}
		{F7A65367-37FB-408B-A7EC-77AD9F4D0918} = {9207829F-7749-47E9-AFA8-BF8BA22FF1B3}
		{8686BE7E-C872-4435-B3B0-3ACF69476B39} = {9207829F-7749-47E9-AFA8-BF8BA22FF1B3}
		{D8666B85-2920-40EA-BE37-B7D1819DB006} = {9207829F-7749-47E9-AFA8-BF8BA22FF1B3}
		{1B313D36-D258-4EA3-A279-9F342DEBBCE7} = {9207829F-7749-47E9-AFA8-BF8BA22FF1B3}
		{64FF85C1-2353-484C-8E82-CEF9E317054A} = {9207829F-7749-47E9-AFA8-BF8BA22FF1B3}
		{DA81B5F7-6503-4D06-9E31-D0761984F680} = {9207829F-7749-47E9-AFA8-BF8BA22FF1B3}
		{0C18FFDC-EDB4-4726-B8A5-9070889E2F12} = {9207829F-7749-47E9-AFA8-BF8BA22FF1B3}
		{C83577FE-EA01-4FA0-B4C8-7465DCD72114} = {9207829F-7749-47E9-AFA8-BF8BA22FF1B3}
		{23EC238A-CD54-4BE7-A425-EC96F6E00A6D} = {9207829F-7749-47E9-AFA8-BF8BA22FF1B3}
		{540B61DB-BA02-458C-ADB1-D39D1AEE6409} = {9207829F-7749-47E9-AFA8-BF8BA22FF1B3}
		{EC38D99A-5C26-46BA-8330-490991AE1D1A} = {9207829F-7749-47E9-AFA8-BF8BA22FF1B3}
		{DE9C6933-42B0-421A-9F34-87D6DA3C1F1E} = {9207829F-7749-47E9-AFA8-BF8BA22FF1B3}
		{D5DC6FF6-E313-4884-997E-5301E9311C4C} = {9207829F-7749-47E9-AFA8-BF8BA22FF1B3}
		{DC136B21-1961-47F4-872A-C16B9DC2CB4A} = {9207829F-7749-47E9-AFA8-BF8BA22FF1B3}
		{8A59E864-5A65-4696-BB41-6EFCEFD9337E} = {9207829F-7749-47E9-AFA8-BF8BA22FF1B3}
		{95DAA51E-7B77-49BE-97F1-B00B0ADAD99A} = {9207829F-7749-47E9-AFA8-BF8BA22FF1B3}
		{70118028-4E13-49B1-A10E-C55F36CFB198} = {9207829F-7749-47E9-AFA8-BF8BA22FF1B3}
		{810967B2-C210-4F52-9854-1A482EC92E69} = {9207829F-7749-47E9-AFA8-BF8BA22FF1B3}
		{79B725DF-22B1-4365-9DCA-E4E9A27FAB4C} = {9207829F-7749-47E9-AFA8-BF8BA22FF1B3}
		{715277CD-C36E-4BC2-8D45-6A8D99286A7E} = {9207829F-7749-47E9-AFA8-BF8BA22FF1B3}
		{9695B1BB-EF9D-4B7F-8157-CA4F854E922B} = {9207829F-7749-47E9-AFA8-BF8BA22FF1B3}
		{AE4D755A-88F7-4CEE-A4E0-2CF9F8C21CC7} = {9207829F-7749-47E9-AFA8-BF8BA22FF1B3}
		{2D3DFE05-9E0A-4557-B462-283CB73274AC} = {9207829F-7749-47E9-AFA8-BF8BA22FF1B3}
		{9207829F-7749-47E9-AFA8-BF8BA22FF1B3} = {CF840CCA-2514-4E6B-86EF-C5C53B5E5C02}
		{BA3693C5-4C64-440D-9772-DAB3E0B15C9B} = {CF840CCA-2514-4E6B-86EF-C5C53B5E5C02}
		{BA724E7B-9B98-4AA7-AC48-E6F260A18B9F} = {BA3693C5-4C64-440D-9772-DAB3E0B15C9B}
		{4B074E2D-629B-43B8-B7D2-A138F4650990} = {CF840CCA-2514-4E6B-86EF-C5C53B5E5C02}
		{04AE1829-660A-4121-A171-476BCAC560E3} = {4B074E2D-629B-43B8-B7D2-A138F4650990}
		{128D44B9-32D2-41B2-9B5A-C1E555E40BAF} = {CF840CCA-2514-4E6B-86EF-C5C53B5E5C02}
		{82E420A8-C520-4454-B9E6-1DAD2A0D719D} = {128D44B9-32D2-41B2-9B5A-C1E555E40BAF}
		{87905EBF-1660-4B64-A672-90ECDEB4F515} = {128D44B9-32D2-41B2-9B5A-C1E555E40BAF}
		{3A5968AA-5DCB-412A-885F-57BD4FCCA818} = {128D44B9-32D2-41B2-9B5A-C1E555E40BAF}
		{797A79DC-1719-4110-9660-ED8221C125AF} = {CF840CCA-2514-4E6B-86EF-C5C53B5E5C02}
		{8B8EB938-80E6-43F7-82AC-98BEDA03C4A6} = {B3C93161-7228-4DF4-8640-30BC30C31266}
		{DF11027E-B954-4F4F-96CD-D23A22A5474C} = {B3C93161-7228-4DF4-8640-30BC30C31266}
		{E9C713E2-849B-44C7-A9B2-0B30D1086E37} = {B3C93161-7228-4DF4-8640-30BC30C31266}
		{0D62C746-21CF-44B9-ACF9-70D636B60F71} = {B3C93161-7228-4DF4-8640-30BC30C31266}
		{4296FF58-22E9-416F-9725-CE7045FD1BE3} = {B3C93161-7228-4DF4-8640-30BC30C31266}
		{91F1EC52-26BC-49B5-A974-71F0FDC6D9D3} = {B3C93161-7228-4DF4-8640-30BC30C31266}
		{49DC6B09-3A0E-49B2-BBE6-9482E15B1A22} = {B3C93161-7228-4DF4-8640-30BC30C31266}
		{DBD9B2AE-80E1-421E-83E0-CC01E52F561D} = {B3C93161-7228-4DF4-8640-30BC30C31266}
		{E4F05BDF-BD94-429D-9F71-F26AAEEC32D8} = {B3C93161-7228-4DF4-8640-30BC30C31266}
		{78620570-79C4-4D17-BCCB-98A3E5FBE9C4} = {B3C93161-7228-4DF4-8640-30BC30C31266}
		{2B4448CD-F491-4A97-8721-5A665C720D0A} = {1519BB6E-DCFB-4AF1-ADB9-8FC2F3C33548}
		{9CD38AA4-0727-4906-A723-4891A9956D4F} = {1519BB6E-DCFB-4AF1-ADB9-8FC2F3C33548}
		{1930F49F-108C-421F-BB04-D22E49D8A47A} = {B3C93161-7228-4DF4-8640-30BC30C31266}
		{731C683E-319E-4AE8-BC28-6CB0786338DC} = {B3C93161-7228-4DF4-8640-30BC30C31266}
		{85AB8255-0738-4139-9198-8A5C57190624} = {CF840CCA-2514-4E6B-86EF-C5C53B5E5C02}
		{8A276B7B-CA0A-406E-9940-6D7FC3F5372F} = {CF840CCA-2514-4E6B-86EF-C5C53B5E5C02}
		{54915787-1BD7-4F04-A4F3-4BFA37297862} = {B3C93161-7228-4DF4-8640-30BC30C31266}
		{9E5BA65F-42D5-400D-8DDD-168E77AD14B0} = {CF840CCA-2514-4E6B-86EF-C5C53B5E5C02}
		{AC6BFE01-D382-4793-AC66-CB40B0FE6B41} = {B3C93161-7228-4DF4-8640-30BC30C31266}
		{EA24CB93-EE64-4759-8BFE-92988D4D1323} = {B3C93161-7228-4DF4-8640-30BC30C31266}
		{2BE18D7C-89AD-48FD-BA8E-F90187D90287} = {B3C93161-7228-4DF4-8640-30BC30C31266}
		{39C5436A-8F5A-4597-AFF2-5BDE6A2166AD} = {B3C93161-7228-4DF4-8640-30BC30C31266}
		{7FA50D4B-9033-4551-A902-48EEBBCFBC09} = {B3C93161-7228-4DF4-8640-30BC30C31266}
		{ED27178F-24E5-4C9B-A098-394B94F76CE0} = {B3C93161-7228-4DF4-8640-30BC30C31266}
		{2E3CFBB3-73FC-4885-AA3B-FCDA096C9EC2} = {B3C93161-7228-4DF4-8640-30BC30C31266}
		{6E7A839A-DAA3-405B-AC2F-0C040FF36EF7} = {B3C93161-7228-4DF4-8640-30BC30C31266}
		{3E5C5541-0695-4FCD-B978-A02A41CF3D56} = {B3C93161-7228-4DF4-8640-30BC30C31266}
		{E3AD7A1F-8FA1-4429-B006-9BD0CBC407F9} = {B3C93161-7228-4DF4-8640-30BC30C31266}
		{6E0A1309-32C7-4C3F-83C4-F4E6E7C194EB} = {B3C93161-7228-4DF4-8640-30BC30C31266}
		{AFFFE2CB-5338-480A-BD9E-0F3AC2E5650F} = {B3C93161-7228-4DF4-8640-30BC30C31266}
		{507917F8-8DA0-4823-AF59-57B7709A82DE} = {B3C93161-7228-4DF4-8640-30BC30C31266}
		{A94184AB-A050-4251-A0E9-071F1552DCC7} = {B3C93161-7228-4DF4-8640-30BC30C31266}
		{7DE2CEEF-D3EA-40E5-832B-6678C1D1A925} = {B3C93161-7228-4DF4-8640-30BC30C31266}
		{3885EEB3-24CB-434C-9A42-B9B50D8FC3FB} = {B3C93161-7228-4DF4-8640-30BC30C31266}
		{6C30D88F-8A6E-485B-BE41-286FEA55FF57} = {B3C93161-7228-4DF4-8640-30BC30C31266}
		{5F9CFC44-545D-4B61-999B-2F9BCD1A87D8} = {53057EFF-9E16-4BB6-8D50-D4EFB4C30BA8}
		{200BEC19-6E32-49BC-A67F-B181F4B14121} = {53057EFF-9E16-4BB6-8D50-D4EFB4C30BA8}
		{1AA52AEE-CA89-486C-A3B5-FF430119DFF1} = {53057EFF-9E16-4BB6-8D50-D4EFB4C30BA8}
		{CA017C0C-E902-4042-9A60-3485B030E158} = {1AA52AEE-CA89-486C-A3B5-FF430119DFF1}
		{CDD52D60-C496-4C0D-BD03-C64820F18D0B} = {1AA52AEE-CA89-486C-A3B5-FF430119DFF1}
		{99FBAF3C-798B-426E-B938-EB0ABC1D2130} = {1AA52AEE-CA89-486C-A3B5-FF430119DFF1}
		{19E04BA1-C7B5-470C-BE00-28220629C986} = {1AA52AEE-CA89-486C-A3B5-FF430119DFF1}
		{972D3FAE-115E-426D-BDA6-6F82955E04CB} = {53057EFF-9E16-4BB6-8D50-D4EFB4C30BA8}
		{4F7E65FF-0BB2-4703-869F-13F34C84E2E9} = {1AA52AEE-CA89-486C-A3B5-FF430119DFF1}
		{7AB038B7-D1DD-4C22-916A-9CDD2EBBA6E4} = {53057EFF-9E16-4BB6-8D50-D4EFB4C30BA8}
	EndGlobalSection
	GlobalSection(ExtensibilityGlobals) = postSolution
		SolutionGuid = {FC9DE93A-A49F-4E3E-BB59-BE1AF953D603}
	EndGlobalSection
EndGlobal
